
Microsoft Visual Studio Solution File, Format Version 12.00
# Visual Studio Version 17
VisualStudioVersion = 17.8.34330.188
MinimumVisualStudioVersion = 10.0.40219.1
Project("{FAE04EC0-301F-11D3-BF4B-00C04F79EFBC}") = "EmployeeCrud.Web", "EmployeeCrud.Web\EmployeeCrud.Web\EmployeeCrud.Web.csproj", "{10801462-BACB-40C2-83A4-473A32A7EEBF}"
EndProject
Project("{FAE04EC0-301F-11D3-BF4B-00C04F79EFBC}") = "EmployeeCrud.Web.Client", "EmployeeCrud.Web\EmployeeCrud.Web.Client\EmployeeCrud.Web.Client.csproj", "{B3EC014A-8B95-4A1A-85A2-B56BF496F949}"
EndProject
Global
	GlobalSection(SolutionConfigurationPlatforms) = preSolution
		Debug|Any CPU = Debug|Any CPU
		Release|Any CPU = Release|Any CPU
	EndGlobalSection
	GlobalSection(ProjectConfigurationPlatforms) = postSolution
		{10801462-BACB-40C2-83A4-473A32A7EEBF}.Debug|Any CPU.ActiveCfg = Debug|Any CPU
		{10801462-BACB-40C2-83A4-473A32A7EEBF}.Debug|Any CPU.Build.0 = Debug|Any CPU
		{10801462-BACB-40C2-83A4-473A32A7EEBF}.Release|Any CPU.ActiveCfg = Release|Any CPU
		{10801462-BACB-40C2-83A4-473A32A7EEBF}.Release|Any CPU.Build.0 = Release|Any CPU
		{B3EC014A-8B95-4A1A-85A2-B56BF496F949}.Debug|Any CPU.ActiveCfg = Debug|Any CPU
		{B3EC014A-8B95-4A1A-85A2-B56BF496F949}.Debug|Any CPU.Build.0 = Debug|Any CPU
		{B3EC014A-8B95-4A1A-85A2-B56BF496F949}.Release|Any CPU.ActiveCfg = Release|Any CPU
		{B3EC014A-8B95-4A1A-85A2-B56BF496F949}.Release|Any CPU.Build.0 = Release|Any CPU
	EndGlobalSection
	GlobalSection(SolutionProperties) = preSolution
		HideSolutionNode = FALSE
	EndGlobalSection
	GlobalSection(ExtensibilityGlobals) = postSolution
		SolutionGuid = {1C213B95-1E6A-451F-8021-178F8D62E543}
	EndGlobalSection
EndGlobal
