
Microsoft Visual Studio Solution File, Format Version 12.00
# Visual Studio Version 17
VisualStudioVersion = 17.8.34330.188
MinimumVisualStudioVersion = 10.0.40219.1
Project("{9A19103F-16F7-4668-BE54-9A1E7A4F7556}") = "EmployeeCrud.Web", "EmployeeCrud.Web\EmployeeCrud.Web\EmployeeCrud.Web.csproj", "{10801462-BACB-40C2-83A4-473A32A7EEBF}"
EndProject
Project("{9A19103F-16F7-4668-BE54-9A1E7A4F7556}") = "EmployeeCrud.Web.Client", "EmployeeCrud.Web\EmployeeCrud.Web.Client\EmployeeCrud.Web.Client.csproj", "{B3EC014A-8B95-4A1A-85A2-B56BF496F949}"
EndProject
Project("{9A19103F-16F7-4668-BE54-9A1E7A4F7556}") = "EmployeeCrud.Web.Domain", "EmployeeCrud.Web.Domain\EmployeeCrud.Web.Domain.csproj", "{D9A5B56A-2A9B-4FB8-AF63-9124BE309285}"
EndProject
Project("{9A19103F-16F7-4668-BE54-9A1E7A4F7556}") = "EmployeeCrud.Web.Application", "EmployeeCrud.Web.Application\EmployeeCrud.Web.Application.csproj", "{C5CF2C5C-5AFA-4DC8-BC1B-4CCB33DDD6EF}"
EndProject
Project("{9A19103F-16F7-4668-BE54-9A1E7A4F7556}") = "EmployeeCrud.Web.Infra", "EmployeeCrud.Web.Infra\EmployeeCrud.Web.Infra.csproj", "{2AA9FD74-226B-43CC-A148-A5419BF13E7A}"
EndProject
Project("{9A19103F-16F7-4668-BE54-9A1E7A4F7556}") = "EmployeeCrud.Web.Shared", "EmployeeCrud.Web.Shared\EmployeeCrud.Web.Shared.csproj", "{E223D44B-7D27-4282-A025-D225FD62B6C6}"
EndProject
Global
	GlobalSection(SolutionConfigurationPlatforms) = preSolution
		Debug|Any CPU = Debug|Any CPU
		Release|Any CPU = Release|Any CPU
	EndGlobalSection
	GlobalSection(ProjectConfigurationPlatforms) = postSolution
		{10801462-BACB-40C2-83A4-473A32A7EEBF}.Debug|Any CPU.ActiveCfg = Debug|Any CPU
		{10801462-BACB-40C2-83A4-473A32A7EEBF}.Debug|Any CPU.Build.0 = Debug|Any CPU
		{10801462-BACB-40C2-83A4-473A32A7EEBF}.Release|Any CPU.ActiveCfg = Release|Any CPU
		{10801462-BACB-40C2-83A4-473A32A7EEBF}.Release|Any CPU.Build.0 = Release|Any CPU
		{B3EC014A-8B95-4A1A-85A2-B56BF496F949}.Debug|Any CPU.ActiveCfg = Debug|Any CPU
		{B3EC014A-8B95-4A1A-85A2-B56BF496F949}.Debug|Any CPU.Build.0 = Debug|Any CPU
		{B3EC014A-8B95-4A1A-85A2-B56BF496F949}.Release|Any CPU.ActiveCfg = Release|Any CPU
		{B3EC014A-8B95-4A1A-85A2-B56BF496F949}.Release|Any CPU.Build.0 = Release|Any CPU
		{D9A5B56A-2A9B-4FB8-AF63-9124BE309285}.Debug|Any CPU.ActiveCfg = Debug|Any CPU
		{D9A5B56A-2A9B-4FB8-AF63-9124BE309285}.Debug|Any CPU.Build.0 = Debug|Any CPU
		{D9A5B56A-2A9B-4FB8-AF63-9124BE309285}.Release|Any CPU.ActiveCfg = Release|Any CPU
		{D9A5B56A-2A9B-4FB8-AF63-9124BE309285}.Release|Any CPU.Build.0 = Release|Any CPU
		{C5CF2C5C-5AFA-4DC8-BC1B-4CCB33DDD6EF}.Debug|Any CPU.ActiveCfg = Debug|Any CPU
		{C5CF2C5C-5AFA-4DC8-BC1B-4CCB33DDD6EF}.Debug|Any CPU.Build.0 = Debug|Any CPU
		{C5CF2C5C-5AFA-4DC8-BC1B-4CCB33DDD6EF}.Release|Any CPU.ActiveCfg = Release|Any CPU
		{C5CF2C5C-5AFA-4DC8-BC1B-4CCB33DDD6EF}.Release|Any CPU.Build.0 = Release|Any CPU
		{2AA9FD74-226B-43CC-A148-A5419BF13E7A}.Debug|Any CPU.ActiveCfg = Debug|Any CPU
		{2AA9FD74-226B-43CC-A148-A5419BF13E7A}.Debug|Any CPU.Build.0 = Debug|Any CPU
		{2AA9FD74-226B-43CC-A148-A5419BF13E7A}.Release|Any CPU.ActiveCfg = Release|Any CPU
		{2AA9FD74-226B-43CC-A148-A5419BF13E7A}.Release|Any CPU.Build.0 = Release|Any CPU
		{E223D44B-7D27-4282-A025-D225FD62B6C6}.Debug|Any CPU.ActiveCfg = Debug|Any CPU
		{E223D44B-7D27-4282-A025-D225FD62B6C6}.Debug|Any CPU.Build.0 = Debug|Any CPU
		{E223D44B-7D27-4282-A025-D225FD62B6C6}.Release|Any CPU.ActiveCfg = Release|Any CPU
		{E223D44B-7D27-4282-A025-D225FD62B6C6}.Release|Any CPU.Build.0 = Release|Any CPU
	EndGlobalSection
	GlobalSection(SolutionProperties) = preSolution
		HideSolutionNode = FALSE
	EndGlobalSection
	GlobalSection(ExtensibilityGlobals) = postSolution
		SolutionGuid = {1C213B95-1E6A-451F-8021-178F8D62E543}
	EndGlobalSection
EndGlobal
